{
  "name": "ppomi",
  "lockfileVersion": 3,
  "requires": true,
  "packages": {
    "": {
      "name": "ppomi",
      "workspaces": [
        "packages/ppomi-body",
        "packages/ppomi-path",
        "packages/playbook-runtime",
        "packages/ppomi-body-windows",
        "packages/ppomi-body-macos",
        "packages/ppomi-body-android",
        "packages/ppomi-body-iphone-mirroring",
        "packages/ppomi-brain",
        "packages/ppomi-secrets"
      ],
      "engines": {
        "node": ">=22.6"
      }
    },
    "node_modules/@types/node": {
      "version": "24.13.3",
      "resolved": "https://registry.npmjs.org/@types/node/-/node-24.13.3.tgz",
      "integrity": "sha512-Dh8vAsV36ig5wa9OX4pXvMc9D3Veibfw2wix0CUwYODLD8nkj9UsLjASr49nPg+2eKzxhBV+v7L8pXvT4e639Q==",
      "dev": true,
      "license": "MIT",
      "dependencies": {
        "undici-types": "~7.18.0"
      }
    },
    "node_modules/playbook-runtime": {
      "resolved": "packages/playbook-runtime",
      "link": true
    },
    "node_modules/ppomi-body": {
      "resolved": "packages/ppomi-body",
      "link": true
    },
    "node_modules/ppomi-body-android": {
      "resolved": "packages/ppomi-body-android",
      "link": true
    },
    "node_modules/ppomi-body-iphone-mirroring": {
      "resolved": "packages/ppomi-body-iphone-mirroring",
      "link": true
    },
    "node_modules/ppomi-body-macos": {
      "resolved": "packages/ppomi-body-macos",
      "link": true
    },
    "node_modules/ppomi-body-windows": {
      "resolved": "packages/ppomi-body-windows",
      "link": true
    },
    "node_modules/ppomi-brain": {
      "resolved": "packages/ppomi-brain",
      "link": true
    },
    "node_modules/ppomi-path": {
      "resolved": "packages/ppomi-path",
      "link": true
    },
    "node_modules/ppomi-secrets": {
      "resolved": "packages/ppomi-secrets",
      "link": true
    },
    "node_modules/typescript": {
      "version": "5.9.3",
      "resolved": "https://registry.npmjs.org/typescript/-/typescript-5.9.3.tgz",
      "integrity": "sha512-jl1vZzPDinLr9eUt3J/t7V6FgNEw9QjvBPdysz9KfQDD41fQrC2Y4vKQdiaUpFT4bXlb1RHhLpp8wtm6M5TgSw==",
      "dev": true,
      "license": "Apache-2.0",
      "bin": {
        "tsc": "bin/tsc",
        "tsserver": "bin/tsserver"
      },
      "engines": {
        "node": ">=14.17"
      }
    },
    "node_modules/undici-types": {
      "version": "7.18.2",
      "resolved": "https://registry.npmjs.org/undici-types/-/undici-types-7.18.2.tgz",
      "integrity": "sha512-AsuCzffGHJybSaRrmr5eHr81mwJU3kjw6M+uprWvCXiNeN9SOGwQ3Jn8jb8m3Z6izVgknn1R0FTCEAP2QrLY/w==",
      "dev": true,
      "license": "MIT"
    },
    "packages/playbook-runtime": {
      "version": "0.1.0",
      "engines": {
        "node": ">=22.6"
      }
    },
    "packages/ppomi-body": {
      "version": "0.1.0",
      "devDependencies": {
        "@types/node": "24.13.3",
        "typescript": "5.9.3"
      },
      "engines": {
        "node": ">=22.6"
      }
    },
    "packages/ppomi-body-android": {
      "version": "0.1.0",
      "engines": {
        "node": ">=22.6"
      }
    },
    "packages/ppomi-body-iphone-mirroring": {
      "version": "0.1.0",
      "engines": {
        "node": ">=22.6"
      }
    },
    "packages/ppomi-body-macos": {
      "version": "0.1.0",
      "engines": {
        "node": ">=22.6"
      }
    },
    "packages/ppomi-body-windows": {
      "version": "0.1.0",
      "devDependencies": {
        "@types/node": "^24.0.0",
        "typescript": "^5.9.3"
      },
      "engines": {
        "node": ">=22"
      }
    },
    "packages/ppomi-brain": {
      "version": "0.1.0",
      "engines": {
        "node": ">=22"
      }
    },
    "packages/ppomi-path": {
      "version": "0.1.0",
      "engines": {
        "node": ">=22.6"
      }
    },
    "packages/ppomi-secrets": {
      "version": "0.1.0",
      "engines": {
        "node": ">=22.6"
      }
    }
  }
}
